// !$*UTF8*$!
{
	archiveVersion = 1;
	classes = {
	};
	objectVersion = 51;
	objects = {

/* Begin PBXBuildFile section */
		2F320005D8026EC967B1A4B7 /* Pods_CodeSnap_CodeSnapUITests.framework in Frameworks */ = {isa = PBXBuildFile; fileRef = 7EDDB631A97F09CDE6F683AC /* Pods_CodeSnap_CodeSnapUITests.framework */; };
		9802A8C4238653250048BF67 /* AppDelegate.swift in Sources */ = {isa = PBXBuildFile; fileRef = 9802A8C3238653250048BF67 /* AppDelegate.swift */; };
		9802A8C6238653250048BF67 /* ViewController.swift in Sources */ = {isa = PBXBuildFile; fileRef = 9802A8C5238653250048BF67 /* ViewController.swift */; };
		9802A8C9238653250048BF67 /* Main.storyboard in Resources */ = {isa = PBXBuildFile; fileRef = 9802A8C7238653250048BF67 /* Main.storyboard */; };
		9802A8CB238653260048BF67 /* Assets.xcassets in Resources */ = {isa = PBXBuildFile; fileRef = 9802A8CA238653260048BF67 /* Assets.xcassets */; };
		9802A8CE238653260048BF67 /* LaunchScreen.storyboard in Resources */ = {isa = PBXBuildFile; fileRef = 9802A8CC238653260048BF67 /* LaunchScreen.storyboard */; };
		9802A8D9238653260048BF67 /* CodeSnapTests.swift in Sources */ = {isa = PBXBuildFile; fileRef = 9802A8D8238653260048BF67 /* CodeSnapTests.swift */; };
		9802A8E4238653260048BF67 /* CodeSnapUITests.swift in Sources */ = {isa = PBXBuildFile; fileRef = 9802A8E3238653260048BF67 /* CodeSnapUITests.swift */; };
		9856C62A23A3B03800FAC287 /* TableTableViewController.swift in Sources */ = {isa = PBXBuildFile; fileRef = 9856C62923A3B03800FAC287 /* TableTableViewController.swift */; };
		9856C62B23A3B03800FAC287 /* TableTableViewController.swift in Sources */ = {isa = PBXBuildFile; fileRef = 9856C62923A3B03800FAC287 /* TableTableViewController.swift */; };
		9856C62C23A3B03800FAC287 /* TableTableViewController.swift in Sources */ = {isa = PBXBuildFile; fileRef = 9856C62923A3B03800FAC287 /* TableTableViewController.swift */; };
		9856C62E23A3B08500FAC287 /* SavedCode.swift in Sources */ = {isa = PBXBuildFile; fileRef = 9856C62D23A3B08500FAC287 /* SavedCode.swift */; };
		9856C62F23A3B08500FAC287 /* SavedCode.swift in Sources */ = {isa = PBXBuildFile; fileRef = 9856C62D23A3B08500FAC287 /* SavedCode.swift */; };
		9856C63023A3B08500FAC287 /* SavedCode.swift in Sources */ = {isa = PBXBuildFile; fileRef = 9856C62D23A3B08500FAC287 /* SavedCode.swift */; };
		9856C63223A3B19500FAC287 /* SavedCodeDataModel.swift in Sources */ = {isa = PBXBuildFile; fileRef = 9856C63123A3B19500FAC287 /* SavedCodeDataModel.swift */; };
		9856C63323A3B19500FAC287 /* SavedCodeDataModel.swift in Sources */ = {isa = PBXBuildFile; fileRef = 9856C63123A3B19500FAC287 /* SavedCodeDataModel.swift */; };
		9856C63423A3B19500FAC287 /* SavedCodeDataModel.swift in Sources */ = {isa = PBXBuildFile; fileRef = 9856C63123A3B19500FAC287 /* SavedCodeDataModel.swift */; };
		9856C63623A3C43800FAC287 /* EditViewController.swift in Sources */ = {isa = PBXBuildFile; fileRef = 9856C63523A3C43800FAC287 /* EditViewController.swift */; };
		9856C63723A3C43800FAC287 /* EditViewController.swift in Sources */ = {isa = PBXBuildFile; fileRef = 9856C63523A3C43800FAC287 /* EditViewController.swift */; };
		9856C63823A3C43800FAC287 /* EditViewController.swift in Sources */ = {isa = PBXBuildFile; fileRef = 9856C63523A3C43800FAC287 /* EditViewController.swift */; };
		9856C63A23AD944700FAC287 /* CodeFormatter.swift in Sources */ = {isa = PBXBuildFile; fileRef = 9856C63923AD944700FAC287 /* CodeFormatter.swift */; };
		98773C81239FA16E00CE59FB /* GoogleService-Info.plist in Resources */ = {isa = PBXBuildFile; fileRef = 98773C80239FA16E00CE59FB /* GoogleService-Info.plist */; };
		98773C82239FA16E00CE59FB /* GoogleService-Info.plist in Resources */ = {isa = PBXBuildFile; fileRef = 98773C80239FA16E00CE59FB /* GoogleService-Info.plist */; };
		98773C83239FA16E00CE59FB /* GoogleService-Info.plist in Resources */ = {isa = PBXBuildFile; fileRef = 98773C80239FA16E00CE59FB /* GoogleService-Info.plist */; };
		98B6D20F23A36AD40021115B /* AddViewController.swift in Sources */ = {isa = PBXBuildFile; fileRef = 98B6D20E23A36AD40021115B /* AddViewController.swift */; };
		98D1183E23F7BB86000CB9D3 /* Pods_CodeSnap.framework in Embed Frameworks */ = {isa = PBXBuildFile; fileRef = EE95DA5270488190130067FC /* Pods_CodeSnap.framework */; settings = {ATTRIBUTES = (CodeSignOnCopy, RemoveHeadersOnCopy, ); }; };
		C517266CE731596C8E2760F2 /* Pods_CodeSnap.framework in Frameworks */ = {isa = PBXBuildFile; fileRef = 1F89B1D12C2F2A1143DB3125 /* Pods_CodeSnap.framework */; };
		E575A51DEA6E81C1596DEE41 /* Pods_CodeSnapTests.framework in Frameworks */ = {isa = PBXBuildFile; fileRef = 444C5EC0C93A9402E129E5C7 /* Pods_CodeSnapTests.framework */; };
/* End PBXBuildFile section */

/* Begin PBXContainerItemProxy section */
		9802A8D5238653260048BF67 /* PBXContainerItemProxy */ = {
			isa = PBXContainerItemProxy;
			containerPortal = 9802A8B8238653250048BF67 /* Project object */;
			proxyType = 1;
			remoteGlobalIDString = 9802A8BF238653250048BF67;
			remoteInfo = CodeSnap;
		};
		9802A8E0238653260048BF67 /* PBXContainerItemProxy */ = {
			isa = PBXContainerItemProxy;
			containerPortal = 9802A8B8238653250048BF67 /* Project object */;
			proxyType = 1;
			remoteGlobalIDString = 9802A8BF238653250048BF67;
			remoteInfo = CodeSnap;
		};
/* End PBXContainerItemProxy section */

/* Begin PBXCopyFilesBuildPhase section */
		98D1183F23F7BB86000CB9D3 /* Embed Frameworks */ = {
			isa = PBXCopyFilesBuildPhase;
			buildActionMask = 2147483647;
			dstPath = "";
			dstSubfolderSpec = 10;
			files = (
				98D1183E23F7BB86000CB9D3 /* Pods_CodeSnap.framework in Embed Frameworks */,
			);
			name = "Embed Frameworks";
			runOnlyForDeploymentPostprocessing = 0;
		};
/* End PBXCopyFilesBuildPhase section */

/* Begin PBXFileReference section */
		16890EC1D879BB6E0109858F /* Pods-CodeSnap.debug.xcconfig */ = {isa = PBXFileReference; includeInIndex = 1; lastKnownFileType = text.xcconfig; name = "Pods-CodeSnap.debug.xcconfig"; path = "Pods/Target Support Files/Pods-CodeSnap/Pods-CodeSnap.debug.xcconfig"; sourceTree = "<group>"; };
		1F89B1D12C2F2A1143DB3125 /* Pods_CodeSnap.framework */ = {isa = PBXFileReference; explicitFileType = wrapper.framework; includeInIndex = 0; path = Pods_CodeSnap.framework; sourceTree = BUILT_PRODUCTS_DIR; };
		3A5C50692813423590026BDC /* Pods-CodeSnapTests.debug.xcconfig */ = {isa = PBXFileReference; includeInIndex = 1; lastKnownFileType = text.xcconfig; name = "Pods-CodeSnapTests.debug.xcconfig"; path = "Pods/Target Support Files/Pods-CodeSnapTests/Pods-CodeSnapTests.debug.xcconfig"; sourceTree = "<group>"; };
		444C5EC0C93A9402E129E5C7 /* Pods_CodeSnapTests.framework */ = {isa = PBXFileReference; explicitFileType = wrapper.framework; includeInIndex = 0; path = Pods_CodeSnapTests.framework; sourceTree = BUILT_PRODUCTS_DIR; };
		7EDDB631A97F09CDE6F683AC /* Pods_CodeSnap_CodeSnapUITests.framework */ = {isa = PBXFileReference; explicitFileType = wrapper.framework; includeInIndex = 0; path = Pods_CodeSnap_CodeSnapUITests.framework; sourceTree = BUILT_PRODUCTS_DIR; };
		84EF3899A20AA744CAF2DB80 /* Pods-CodeSnap-CodeSnapUITests.debug.xcconfig */ = {isa = PBXFileReference; includeInIndex = 1; lastKnownFileType = text.xcconfig; name = "Pods-CodeSnap-CodeSnapUITests.debug.xcconfig"; path = "Pods/Target Support Files/Pods-CodeSnap-CodeSnapUITests/Pods-CodeSnap-CodeSnapUITests.debug.xcconfig"; sourceTree = "<group>"; };
		8E7116611E9DD19120431EA8 /* Pods-CodeSnapUITests.debug.xcconfig */ = {isa = PBXFileReference; includeInIndex = 1; lastKnownFileType = text.xcconfig; name = "Pods-CodeSnapUITests.debug.xcconfig"; path = "Pods/Target Support Files/Pods-CodeSnapUITests/Pods-CodeSnapUITests.debug.xcconfig"; sourceTree = "<group>"; };
		8F95CEBD4F4CE7F1212F1838 /* Pods-CodeSnap-CodeSnapUITests.release.xcconfig */ = {isa = PBXFileReference; includeInIndex = 1; lastKnownFileType = text.xcconfig; name = "Pods-CodeSnap-CodeSnapUITests.release.xcconfig"; path = "Pods/Target Support Files/Pods-CodeSnap-CodeSnapUITests/Pods-CodeSnap-CodeSnapUITests.release.xcconfig"; sourceTree = "<group>"; };
		9802A8C0238653250048BF67 /* CodeSnap.app */ = {isa = PBXFileReference; explicitFileType = wrapper.application; includeInIndex = 0; path = CodeSnap.app; sourceTree = BUILT_PRODUCTS_DIR; };
		9802A8C3238653250048BF67 /* AppDelegate.swift */ = {isa = PBXFileReference; lastKnownFileType = sourcecode.swift; path = AppDelegate.swift; sourceTree = "<group>"; };
		9802A8C5238653250048BF67 /* ViewController.swift */ = {isa = PBXFileReference; lastKnownFileType = sourcecode.swift; path = ViewController.swift; sourceTree = "<group>"; };
		9802A8C8238653250048BF67 /* Base */ = {isa = PBXFileReference; lastKnownFileType = file.storyboard; name = Base; path = Base.lproj/Main.storyboard; sourceTree = "<group>"; };
		9802A8CA238653260048BF67 /* Assets.xcassets */ = {isa = PBXFileReference; lastKnownFileType = folder.assetcatalog; path = Assets.xcassets; sourceTree = "<group>"; };
		9802A8CD238653260048BF67 /* Base */ = {isa = PBXFileReference; lastKnownFileType = file.storyboard; name = Base; path = Base.lproj/LaunchScreen.storyboard; sourceTree = "<group>"; };
		9802A8CF238653260048BF67 /* Info.plist */ = {isa = PBXFileReference; lastKnownFileType = text.plist.xml; path = Info.plist; sourceTree = "<group>"; };
		9802A8D4238653260048BF67 /* CodeSnapTests.xctest */ = {isa = PBXFileReference; explicitFileType = wrapper.cfbundle; includeInIndex = 0; path = CodeSnapTests.xctest; sourceTree = BUILT_PRODUCTS_DIR; };
		9802A8D8238653260048BF67 /* CodeSnapTests.swift */ = {isa = PBXFileReference; lastKnownFileType = sourcecode.swift; path = CodeSnapTests.swift; sourceTree = "<group>"; };
		9802A8DA238653260048BF67 /* Info.plist */ = {isa = PBXFileReference; lastKnownFileType = text.plist.xml; path = Info.plist; sourceTree = "<group>"; };
		9802A8DF238653260048BF67 /* CodeSnapUITests.xctest */ = {isa = PBXFileReference; explicitFileType = wrapper.cfbundle; includeInIndex = 0; path = CodeSnapUITests.xctest; sourceTree = BUILT_PRODUCTS_DIR; };
		9802A8E3238653260048BF67 /* CodeSnapUITests.swift */ = {isa = PBXFileReference; lastKnownFileType = sourcecode.swift; path = CodeSnapUITests.swift; sourceTree = "<group>"; };
		9802A8E5238653260048BF67 /* Info.plist */ = {isa = PBXFileReference; lastKnownFileType = text.plist.xml; path = Info.plist; sourceTree = "<group>"; };
		9856C62923A3B03800FAC287 /* TableTableViewController.swift */ = {isa = PBXFileReference; lastKnownFileType = sourcecode.swift; path = TableTableViewController.swift; sourceTree = "<group>"; };
		9856C62D23A3B08500FAC287 /* SavedCode.swift */ = {isa = PBXFileReference; lastKnownFileType = sourcecode.swift; path = SavedCode.swift; sourceTree = "<group>"; };
		9856C63123A3B19500FAC287 /* SavedCodeDataModel.swift */ = {isa = PBXFileReference; lastKnownFileType = sourcecode.swift; path = SavedCodeDataModel.swift; sourceTree = "<group>"; };
		9856C63523A3C43800FAC287 /* EditViewController.swift */ = {isa = PBXFileReference; lastKnownFileType = sourcecode.swift; path = EditViewController.swift; sourceTree = "<group>"; };
		9856C63923AD944700FAC287 /* CodeFormatter.swift */ = {isa = PBXFileReference; lastKnownFileType = sourcecode.swift; path = CodeFormatter.swift; sourceTree = "<group>"; };
		98773C80239FA16E00CE59FB /* GoogleService-Info.plist */ = {isa = PBXFileReference; fileEncoding = 4; lastKnownFileType = text.plist.xml; path = "GoogleService-Info.plist"; sourceTree = "<group>"; };
		98B6D20E23A36AD40021115B /* AddViewController.swift */ = {isa = PBXFileReference; lastKnownFileType = sourcecode.swift; path = AddViewController.swift; sourceTree = "<group>"; };
		98D1183923F79D9E000CB9D3 /* Alamofire.framework */ = {isa = PBXFileReference; explicitFileType = wrapper.framework; path = Alamofire.framework; sourceTree = BUILT_PRODUCTS_DIR; };
		BBB709D8E8BD5B60D4CBB936 /* Pods-CodeSnapTests.release.xcconfig */ = {isa = PBXFileReference; includeInIndex = 1; lastKnownFileType = text.xcconfig; name = "Pods-CodeSnapTests.release.xcconfig"; path = "Pods/Target Support Files/Pods-CodeSnapTests/Pods-CodeSnapTests.release.xcconfig"; sourceTree = "<group>"; };
		BFE060A0A1C2EC5B08091CEA /* Pods-CodeSnapUITests.release.xcconfig */ = {isa = PBXFileReference; includeInIndex = 1; lastKnownFileType = text.xcconfig; name = "Pods-CodeSnapUITests.release.xcconfig"; path = "Pods/Target Support Files/Pods-CodeSnapUITests/Pods-CodeSnapUITests.release.xcconfig"; sourceTree = "<group>"; };
		D8892378C706EAF4D1B2A1A1 /* Pods-CodeSnap.release.xcconfig */ = {isa = PBXFileReference; includeInIndex = 1; lastKnownFileType = text.xcconfig; name = "Pods-CodeSnap.release.xcconfig"; path = "Pods/Target Support Files/Pods-CodeSnap/Pods-CodeSnap.release.xcconfig"; sourceTree = "<group>"; };
		EE95DA5270488190130067FC /* Pods_CodeSnap.framework */ = {isa = PBXFileReference; explicitFileType = wrapper.framework; includeInIndex = 0; path = Pods_CodeSnap.framework; sourceTree = BUILT_PRODUCTS_DIR; };
/* End PBXFileReference section */

/* Begin PBXFrameworksBuildPhase section */
		9802A8BD238653250048BF67 /* Frameworks */ = {
			isa = PBXFrameworksBuildPhase;
			buildActionMask = 2147483647;
			files = (
				C517266CE731596C8E2760F2 /* Pods_CodeSnap.framework in Frameworks */,
			);
			runOnlyForDeploymentPostprocessing = 0;
		};
		9802A8D1238653260048BF67 /* Frameworks */ = {
			isa = PBXFrameworksBuildPhase;
			buildActionMask = 2147483647;
			files = (
				E575A51DEA6E81C1596DEE41 /* Pods_CodeSnapTests.framework in Frameworks */,
			);
			runOnlyForDeploymentPostprocessing = 0;
		};
		9802A8DC238653260048BF67 /* Frameworks */ = {
			isa = PBXFrameworksBuildPhase;
			buildActionMask = 2147483647;
			files = (
				2F320005D8026EC967B1A4B7 /* Pods_CodeSnap_CodeSnapUITests.framework in Frameworks */,
			);
			runOnlyForDeploymentPostprocessing = 0;
		};
/* End PBXFrameworksBuildPhase section */

/* Begin PBXGroup section */
		0BBBD5999DD1DE8BAEC5B71B /* Frameworks */ = {
			isa = PBXGroup;
			children = (
				98D1183923F79D9E000CB9D3 /* Alamofire.framework */,
				1F89B1D12C2F2A1143DB3125 /* Pods_CodeSnap.framework */,
				7EDDB631A97F09CDE6F683AC /* Pods_CodeSnap_CodeSnapUITests.framework */,
				444C5EC0C93A9402E129E5C7 /* Pods_CodeSnapTests.framework */,
			);
			name = Frameworks;
			sourceTree = "<group>";
		};
		9802A8B7238653250048BF67 = {
			isa = PBXGroup;
			children = (
				9802A8C2238653250048BF67 /* CodeSnap */,
				9802A8D7238653260048BF67 /* CodeSnapTests */,
				9802A8E2238653260048BF67 /* CodeSnapUITests */,
				9802A8C1238653250048BF67 /* Products */,
				B4633DA878B650D9E493A5CF /* Pods */,
				0BBBD5999DD1DE8BAEC5B71B /* Frameworks */,
				9876326023F8BB0100C9AAFE /* Recovered References */,
			);
			sourceTree = "<group>";
		};
		9802A8C1238653250048BF67 /* Products */ = {
			isa = PBXGroup;
			children = (
				9802A8C0238653250048BF67 /* CodeSnap.app */,
				9802A8D4238653260048BF67 /* CodeSnapTests.xctest */,
				9802A8DF238653260048BF67 /* CodeSnapUITests.xctest */,
			);
			name = Products;
			sourceTree = "<group>";
		};
		9802A8C2238653250048BF67 /* CodeSnap */ = {
			isa = PBXGroup;
			children = (
				9856C62823A3AF4800FAC287 /* Controller */,
				9856C62623A3AF3400FAC287 /* Model */,
				9856C62723A3AF3B00FAC287 /* View */,
				9802A8C3238653250048BF67 /* AppDelegate.swift */,
				9802A8CA238653260048BF67 /* Assets.xcassets */,
				9802A8CC238653260048BF67 /* LaunchScreen.storyboard */,
				9802A8CF238653260048BF67 /* Info.plist */,
				98773C80239FA16E00CE59FB /* GoogleService-Info.plist */,
			);
			path = CodeSnap;
			sourceTree = "<group>";
		};
		9802A8D7238653260048BF67 /* CodeSnapTests */ = {
			isa = PBXGroup;
			children = (
				9802A8D8238653260048BF67 /* CodeSnapTests.swift */,
				9802A8DA238653260048BF67 /* Info.plist */,
			);
			path = CodeSnapTests;
			sourceTree = "<group>";
		};
		9802A8E2238653260048BF67 /* CodeSnapUITests */ = {
			isa = PBXGroup;
			children = (
				9802A8E3238653260048BF67 /* CodeSnapUITests.swift */,
				9802A8E5238653260048BF67 /* Info.plist */,
			);
			path = CodeSnapUITests;
			sourceTree = "<group>";
		};
		9856C62623A3AF3400FAC287 /* Model */ = {
			isa = PBXGroup;
			children = (
				9856C62D23A3B08500FAC287 /* SavedCode.swift */,
				9856C63123A3B19500FAC287 /* SavedCodeDataModel.swift */,
				9856C63923AD944700FAC287 /* CodeFormatter.swift */,
			);
			path = Model;
			sourceTree = "<group>";
		};
		9856C62723A3AF3B00FAC287 /* View */ = {
			isa = PBXGroup;
			children = (
				9802A8C7238653250048BF67 /* Main.storyboard */,
			);
			path = View;
			sourceTree = "<group>";
		};
		9856C62823A3AF4800FAC287 /* Controller */ = {
			isa = PBXGroup;
			children = (
				98B6D20E23A36AD40021115B /* AddViewController.swift */,
				9802A8C5238653250048BF67 /* ViewController.swift */,
				9856C62923A3B03800FAC287 /* TableTableViewController.swift */,
				9856C63523A3C43800FAC287 /* EditViewController.swift */,
			);
			path = Controller;
			sourceTree = "<group>";
		};
		9876326023F8BB0100C9AAFE /* Recovered References */ = {
			isa = PBXGroup;
			children = (
				EE95DA5270488190130067FC /* Pods_CodeSnap.framework */,
			);
			name = "Recovered References";
			sourceTree = "<group>";
		};
		B4633DA878B650D9E493A5CF /* Pods */ = {
			isa = PBXGroup;
			children = (
				16890EC1D879BB6E0109858F /* Pods-CodeSnap.debug.xcconfig */,
				D8892378C706EAF4D1B2A1A1 /* Pods-CodeSnap.release.xcconfig */,
				3A5C50692813423590026BDC /* Pods-CodeSnapTests.debug.xcconfig */,
				BBB709D8E8BD5B60D4CBB936 /* Pods-CodeSnapTests.release.xcconfig */,
				8E7116611E9DD19120431EA8 /* Pods-CodeSnapUITests.debug.xcconfig */,
				BFE060A0A1C2EC5B08091CEA /* Pods-CodeSnapUITests.release.xcconfig */,
				84EF3899A20AA744CAF2DB80 /* Pods-CodeSnap-CodeSnapUITests.debug.xcconfig */,
				8F95CEBD4F4CE7F1212F1838 /* Pods-CodeSnap-CodeSnapUITests.release.xcconfig */,
			);
			name = Pods;
			sourceTree = "<group>";
		};
/* End PBXGroup section */

/* Begin PBXNativeTarget section */
		9802A8BF238653250048BF67 /* CodeSnap */ = {
			isa = PBXNativeTarget;
			buildConfigurationList = 9802A8E8238653260048BF67 /* Build configuration list for PBXNativeTarget "CodeSnap" */;
			buildPhases = (
				B1B7CD8A9C54615340BCACCB /* [CP] Check Pods Manifest.lock */,
				9802A8BC238653250048BF67 /* Sources */,
				9802A8BD238653250048BF67 /* Frameworks */,
				9802A8BE238653250048BF67 /* Resources */,
				2CC13EE4F4B8455700132320 /* [CP] Copy Pods Resources */,
				98D1183F23F7BB86000CB9D3 /* Embed Frameworks */,
				4AA57D1BC163C98B56F58271 /* [CP] Embed Pods Frameworks */,
			);
			buildRules = (
			);
			dependencies = (
			);
			name = CodeSnap;
			productName = CodeSnap;
			productReference = 9802A8C0238653250048BF67 /* CodeSnap.app */;
			productType = "com.apple.product-type.application";
		};
		9802A8D3238653260048BF67 /* CodeSnapTests */ = {
			isa = PBXNativeTarget;
			buildConfigurationList = 9802A8EB238653260048BF67 /* Build configuration list for PBXNativeTarget "CodeSnapTests" */;
			buildPhases = (
				845F4BE625EC26B4C91B7D58 /* [CP] Check Pods Manifest.lock */,
				9802A8D0238653260048BF67 /* Sources */,
				9802A8D1238653260048BF67 /* Frameworks */,
				9802A8D2238653260048BF67 /* Resources */,
			);
			buildRules = (
			);
			dependencies = (
				9802A8D6238653260048BF67 /* PBXTargetDependency */,
			);
			name = CodeSnapTests;
			productName = CodeSnapTests;
			productReference = 9802A8D4238653260048BF67 /* CodeSnapTests.xctest */;
			productType = "com.apple.product-type.bundle.unit-test";
		};
		9802A8DE238653260048BF67 /* CodeSnapUITests */ = {
			isa = PBXNativeTarget;
			buildConfigurationList = 9802A8EE238653260048BF67 /* Build configuration list for PBXNativeTarget "CodeSnapUITests" */;
			buildPhases = (
				C39121DB91CC79B614427514 /* [CP] Check Pods Manifest.lock */,
				9802A8DB238653260048BF67 /* Sources */,
				9802A8DC238653260048BF67 /* Frameworks */,
				9802A8DD238653260048BF67 /* Resources */,
				80ABA963B01EBDEF3B1DFE7C /* [CP] Copy Pods Resources */,
				369FAA776223149AB3DF06A6 /* [CP] Embed Pods Frameworks */,
			);
			buildRules = (
			);
			dependencies = (
				9802A8E1238653260048BF67 /* PBXTargetDependency */,
			);
			name = CodeSnapUITests;
			productName = CodeSnapUITests;
			productReference = 9802A8DF238653260048BF67 /* CodeSnapUITests.xctest */;
			productType = "com.apple.product-type.bundle.ui-testing";
		};
/* End PBXNativeTarget section */

/* Begin PBXProject section */
		9802A8B8238653250048BF67 /* Project object */ = {
			isa = PBXProject;
			attributes = {
				LastSwiftUpdateCheck = 1030;
				LastUpgradeCheck = 1030;
				ORGANIZATIONNAME = "Samuel Kyu-Seo Lee";
				TargetAttributes = {
					9802A8BF238653250048BF67 = {
						CreatedOnToolsVersion = 10.3;
					};
					9802A8D3238653260048BF67 = {
						CreatedOnToolsVersion = 10.3;
						TestTargetID = 9802A8BF238653250048BF67;
					};
					9802A8DE238653260048BF67 = {
						CreatedOnToolsVersion = 10.3;
						TestTargetID = 9802A8BF238653250048BF67;
					};
				};
			};
			buildConfigurationList = 9802A8BB238653250048BF67 /* Build configuration list for PBXProject "CodeSnap" */;
			compatibilityVersion = "Xcode 9.3";
			developmentRegion = en;
			hasScannedForEncodings = 0;
			knownRegions = (
				en,
				Base,
			);
			mainGroup = 9802A8B7238653250048BF67;
			productRefGroup = 9802A8C1238653250048BF67 /* Products */;
			projectDirPath = "";
			projectRoot = "";
			targets = (
				9802A8BF238653250048BF67 /* CodeSnap */,
				9802A8D3238653260048BF67 /* CodeSnapTests */,
				9802A8DE238653260048BF67 /* CodeSnapUITests */,
			);
		};
/* End PBXProject section */

/* Begin PBXResourcesBuildPhase section */
		9802A8BE238653250048BF67 /* Resources */ = {
			isa = PBXResourcesBuildPhase;
			buildActionMask = 2147483647;
			files = (
				9802A8CE238653260048BF67 /* LaunchScreen.storyboard in Resources */,
				98773C81239FA16E00CE59FB /* GoogleService-Info.plist in Resources */,
				9802A8CB238653260048BF67 /* Assets.xcassets in Resources */,
				9802A8C9238653250048BF67 /* Main.storyboard in Resources */,
			);
			runOnlyForDeploymentPostprocessing = 0;
		};
		9802A8D2238653260048BF67 /* Resources */ = {
			isa = PBXResourcesBuildPhase;
			buildActionMask = 2147483647;
			files = (
				98773C82239FA16E00CE59FB /* GoogleService-Info.plist in Resources */,
			);
			runOnlyForDeploymentPostprocessing = 0;
		};
		9802A8DD238653260048BF67 /* Resources */ = {
			isa = PBXResourcesBuildPhase;
			buildActionMask = 2147483647;
			files = (
				98773C83239FA16E00CE59FB /* GoogleService-Info.plist in Resources */,
			);
			runOnlyForDeploymentPostprocessing = 0;
		};
/* End PBXResourcesBuildPhase section */

/* Begin PBXShellScriptBuildPhase section */
		2CC13EE4F4B8455700132320 /* [CP] Copy Pods Resources */ = {
			isa = PBXShellScriptBuildPhase;
			buildActionMask = 2147483647;
			files = (
			);
			inputFileListPaths = (
				"${PODS_ROOT}/Target Support Files/Pods-CodeSnap/Pods-CodeSnap-resources-${CONFIGURATION}-input-files.xcfilelist",
			);
			name = "[CP] Copy Pods Resources";
			outputFileListPaths = (
				"${PODS_ROOT}/Target Support Files/Pods-CodeSnap/Pods-CodeSnap-resources-${CONFIGURATION}-output-files.xcfilelist",
			);
			runOnlyForDeploymentPostprocessing = 0;
			shellPath = /bin/sh;
			shellScript = "\"${PODS_ROOT}/Target Support Files/Pods-CodeSnap/Pods-CodeSnap-resources.sh\"\n";
			showEnvVarsInLog = 0;
		};
		369FAA776223149AB3DF06A6 /* [CP] Embed Pods Frameworks */ = {
			isa = PBXShellScriptBuildPhase;
			buildActionMask = 2147483647;
			files = (
			);
			inputFileListPaths = (
				"${PODS_ROOT}/Target Support Files/Pods-CodeSnap-CodeSnapUITests/Pods-CodeSnap-CodeSnapUITests-frameworks-${CONFIGURATION}-input-files.xcfilelist",
			);
			name = "[CP] Embed Pods Frameworks";
			outputFileListPaths = (
				"${PODS_ROOT}/Target Support Files/Pods-CodeSnap-CodeSnapUITests/Pods-CodeSnap-CodeSnapUITests-frameworks-${CONFIGURATION}-output-files.xcfilelist",
			);
			runOnlyForDeploymentPostprocessing = 0;
			shellPath = /bin/sh;
			shellScript = "\"${PODS_ROOT}/Target Support Files/Pods-CodeSnap-CodeSnapUITests/Pods-CodeSnap-CodeSnapUITests-frameworks.sh\"\n";
			showEnvVarsInLog = 0;
		};
		4AA57D1BC163C98B56F58271 /* [CP] Embed Pods Frameworks */ = {
			isa = PBXShellScriptBuildPhase;
			buildActionMask = 2147483647;
			files = (
			);
			inputFileListPaths = (
				"${PODS_ROOT}/Target Support Files/Pods-CodeSnap/Pods-CodeSnap-frameworks-${CONFIGURATION}-input-files.xcfilelist",
			);
			name = "[CP] Embed Pods Frameworks";
			outputFileListPaths = (
				"${PODS_ROOT}/Target Support Files/Pods-CodeSnap/Pods-CodeSnap-frameworks-${CONFIGURATION}-output-files.xcfilelist",
			);
			runOnlyForDeploymentPostprocessing = 0;
			shellPath = /bin/sh;
			shellScript = "\"${PODS_ROOT}/Target Support Files/Pods-CodeSnap/Pods-CodeSnap-frameworks.sh\"\n";
			showEnvVarsInLog = 0;
		};
		80ABA963B01EBDEF3B1DFE7C /* [CP] Copy Pods Resources */ = {
			isa = PBXShellScriptBuildPhase;
			buildActionMask = 2147483647;
			files = (
			);
			inputFileListPaths = (
				"${PODS_ROOT}/Target Support Files/Pods-CodeSnap-CodeSnapUITests/Pods-CodeSnap-CodeSnapUITests-resources-${CONFIGURATION}-input-files.xcfilelist",
			);
			name = "[CP] Copy Pods Resources";
			outputFileListPaths = (
				"${PODS_ROOT}/Target Support Files/Pods-CodeSnap-CodeSnapUITests/Pods-CodeSnap-CodeSnapUITests-resources-${CONFIGURATION}-output-files.xcfilelist",
			);
			runOnlyForDeploymentPostprocessing = 0;
			shellPath = /bin/sh;
			shellScript = "\"${PODS_ROOT}/Target Support Files/Pods-CodeSnap-CodeSnapUITests/Pods-CodeSnap-CodeSnapUITests-resources.sh\"\n";
			showEnvVarsInLog = 0;
		};
		845F4BE625EC26B4C91B7D58 /* [CP] Check Pods Manifest.lock */ = {
			isa = PBXShellScriptBuildPhase;
			buildActionMask = 2147483647;
			files = (
			);
			inputFileListPaths = (
			);
			inputPaths = (
				"${PODS_PODFILE_DIR_PATH}/Podfile.lock",
				"${PODS_ROOT}/Manifest.lock",
			);
			name = "[CP] Check Pods Manifest.lock";
			outputFileListPaths = (
			);
			outputPaths = (
				"$(DERIVED_FILE_DIR)/Pods-CodeSnapTests-checkManifestLockResult.txt",
			);
			runOnlyForDeploymentPostprocessing = 0;
			shellPath = /bin/sh;
			shellScript = "diff \"${PODS_PODFILE_DIR_PATH}/Podfile.lock\" \"${PODS_ROOT}/Manifest.lock\" > /dev/null\nif [ $? != 0 ] ; then\n    # print error to STDERR\n    echo \"error: The sandbox is not in sync with the Podfile.lock. Run 'pod install' or update your CocoaPods installation.\" >&2\n    exit 1\nfi\n# This output is used by Xcode 'outputs' to avoid re-running this script phase.\necho \"SUCCESS\" > \"${SCRIPT_OUTPUT_FILE_0}\"\n";
			showEnvVarsInLog = 0;
		};
		B1B7CD8A9C54615340BCACCB /* [CP] Check Pods Manifest.lock */ = {
			isa = PBXShellScriptBuildPhase;
			buildActionMask = 2147483647;
			files = (
			);
			inputFileListPaths = (
			);
			inputPaths = (
				"${PODS_PODFILE_DIR_PATH}/Podfile.lock",
				"${PODS_ROOT}/Manifest.lock",
			);
			name = "[CP] Check Pods Manifest.lock";
			outputFileListPaths = (
			);
			outputPaths = (
				"$(DERIVED_FILE_DIR)/Pods-CodeSnap-checkManifestLockResult.txt",
			);
			runOnlyForDeploymentPostprocessing = 0;
			shellPath = /bin/sh;
			shellScript = "diff \"${PODS_PODFILE_DIR_PATH}/Podfile.lock\" \"${PODS_ROOT}/Manifest.lock\" > /dev/null\nif [ $? != 0 ] ; then\n    # print error to STDERR\n    echo \"error: The sandbox is not in sync with the Podfile.lock. Run 'pod install' or update your CocoaPods installation.\" >&2\n    exit 1\nfi\n# This output is used by Xcode 'outputs' to avoid re-running this script phase.\necho \"SUCCESS\" > \"${SCRIPT_OUTPUT_FILE_0}\"\n";
			showEnvVarsInLog = 0;
		};
		C39121DB91CC79B614427514 /* [CP] Check Pods Manifest.lock */ = {
			isa = PBXShellScriptBuildPhase;
			buildActionMask = 2147483647;
			files = (
			);
			inputFileListPaths = (
			);
			inputPaths = (
				"${PODS_PODFILE_DIR_PATH}/Podfile.lock",
				"${PODS_ROOT}/Manifest.lock",
			);
			name = "[CP] Check Pods Manifest.lock";
			outputFileListPaths = (
			);
			outputPaths = (
				"$(DERIVED_FILE_DIR)/Pods-CodeSnap-CodeSnapUITests-checkManifestLockResult.txt",
			);
			runOnlyForDeploymentPostprocessing = 0;
			shellPath = /bin/sh;
			shellScript = "diff \"${PODS_PODFILE_DIR_PATH}/Podfile.lock\" \"${PODS_ROOT}/Manifest.lock\" > /dev/null\nif [ $? != 0 ] ; then\n    # print error to STDERR\n    echo \"error: The sandbox is not in sync with the Podfile.lock. Run 'pod install' or update your CocoaPods installation.\" >&2\n    exit 1\nfi\n# This output is used by Xcode 'outputs' to avoid re-running this script phase.\necho \"SUCCESS\" > \"${SCRIPT_OUTPUT_FILE_0}\"\n";
			showEnvVarsInLog = 0;
		};
/* End PBXShellScriptBuildPhase section */

/* Begin PBXSourcesBuildPhase section */
		9802A8BC238653250048BF67 /* Sources */ = {
			isa = PBXSourcesBuildPhase;
			buildActionMask = 2147483647;
			files = (
				9856C62A23A3B03800FAC287 /* TableTableViewController.swift in Sources */,
				9856C62E23A3B08500FAC287 /* SavedCode.swift in Sources */,
				9856C63223A3B19500FAC287 /* SavedCodeDataModel.swift in Sources */,
				9802A8C6238653250048BF67 /* ViewController.swift in Sources */,
				9802A8C4238653250048BF67 /* AppDelegate.swift in Sources */,
				9856C63A23AD944700FAC287 /* CodeFormatter.swift in Sources */,
				98B6D20F23A36AD40021115B /* AddViewController.swift in Sources */,
				9856C63623A3C43800FAC287 /* EditViewController.swift in Sources */,
			);
			runOnlyForDeploymentPostprocessing = 0;
		};
		9802A8D0238653260048BF67 /* Sources */ = {
			isa = PBXSourcesBuildPhase;
			buildActionMask = 2147483647;
			files = (
				9856C63723A3C43800FAC287 /* EditViewController.swift in Sources */,
				9856C63323A3B19500FAC287 /* SavedCodeDataModel.swift in Sources */,
				9856C62F23A3B08500FAC287 /* SavedCode.swift in Sources */,
				9856C62B23A3B03800FAC287 /* TableTableViewController.swift in Sources */,
				9802A8D9238653260048BF67 /* CodeSnapTests.swift in Sources */,
			);
			runOnlyForDeploymentPostprocessing = 0;
		};
		9802A8DB238653260048BF67 /* Sources */ = {
			isa = PBXSourcesBuildPhase;
			buildActionMask = 2147483647;
			files = (
				9856C63823A3C43800FAC287 /* EditViewController.swift in Sources */,
				9856C63423A3B19500FAC287 /* SavedCodeDataModel.swift in Sources */,
				9856C63023A3B08500FAC287 /* SavedCode.swift in Sources */,
				9856C62C23A3B03800FAC287 /* TableTableViewController.swift in Sources */,
				9802A8E4238653260048BF67 /* CodeSnapUITests.swift in Sources */,
			);
			runOnlyForDeploymentPostprocessing = 0;
		};
/* End PBXSourcesBuildPhase section */

/* Begin PBXTargetDependency section */
		9802A8D6238653260048BF67 /* PBXTargetDependency */ = {
			isa = PBXTargetDependency;
			target = 9802A8BF238653250048BF67 /* CodeSnap */;
			targetProxy = 9802A8D5238653260048BF67 /* PBXContainerItemProxy */;
		};
		9802A8E1238653260048BF67 /* PBXTargetDependency */ = {
			isa = PBXTargetDependency;
			target = 9802A8BF238653250048BF67 /* CodeSnap */;
			targetProxy = 9802A8E0238653260048BF67 /* PBXContainerItemProxy */;
		};
/* End PBXTargetDependency section */

/* Begin PBXVariantGroup section */
		9802A8C7238653250048BF67 /* Main.storyboard */ = {
			isa = PBXVariantGroup;
			children = (
				9802A8C8238653250048BF67 /* Base */,
			);
			name = Main.storyboard;
			sourceTree = "<group>";
		};
		9802A8CC238653260048BF67 /* LaunchScreen.storyboard */ = {
			isa = PBXVariantGroup;
			children = (
				9802A8CD238653260048BF67 /* Base */,
			);
			name = LaunchScreen.storyboard;
			sourceTree = "<group>";
		};
/* End PBXVariantGroup section */

/* Begin XCBuildConfiguration section */
		9802A8E6238653260048BF67 /* Debug */ = {
			isa = XCBuildConfiguration;
			buildSettings = {
				ALWAYS_SEARCH_USER_PATHS = NO;
				CLANG_ANALYZER_NONNULL = YES;
				CLANG_ANALYZER_NUMBER_OBJECT_CONVERSION = YES_AGGRESSIVE;
				CLANG_CXX_LANGUAGE_STANDARD = "gnu++14";
				CLANG_CXX_LIBRARY = "libc++";
				CLANG_ENABLE_MODULES = YES;
				CLANG_ENABLE_OBJC_ARC = YES;
				CLANG_ENABLE_OBJC_WEAK = YES;
				CLANG_WARN_BLOCK_CAPTURE_AUTORELEASING = YES;
				CLANG_WARN_BOOL_CONVERSION = YES;
				CLANG_WARN_COMMA = YES;
				CLANG_WARN_CONSTANT_CONVERSION = YES;
				CLANG_WARN_DEPRECATED_OBJC_IMPLEMENTATIONS = YES;
				CLANG_WARN_DIRECT_OBJC_ISA_USAGE = YES_ERROR;
				CLANG_WARN_DOCUMENTATION_COMMENTS = YES;
				CLANG_WARN_EMPTY_BODY = YES;
				CLANG_WARN_ENUM_CONVERSION = YES;
				CLANG_WARN_INFINITE_RECURSION = YES;
				CLANG_WARN_INT_CONVERSION = YES;
				CLANG_WARN_NON_LITERAL_NULL_CONVERSION = YES;
				CLANG_WARN_OBJC_IMPLICIT_RETAIN_SELF = YES;
				CLANG_WARN_OBJC_LITERAL_CONVERSION = YES;
				CLANG_WARN_OBJC_ROOT_CLASS = YES_ERROR;
				CLANG_WARN_RANGE_LOOP_ANALYSIS = YES;
				CLANG_WARN_STRICT_PROTOTYPES = YES;
				CLANG_WARN_SUSPICIOUS_MOVE = YES;
				CLANG_WARN_UNGUARDED_AVAILABILITY = YES_AGGRESSIVE;
				CLANG_WARN_UNREACHABLE_CODE = YES;
				CLANG_WARN__DUPLICATE_METHOD_MATCH = YES;
				CODE_SIGN_IDENTITY = "iPhone Developer";
				COPY_PHASE_STRIP = NO;
				DEBUG_INFORMATION_FORMAT = dwarf;
				ENABLE_STRICT_OBJC_MSGSEND = YES;
				ENABLE_TESTABILITY = YES;
				GCC_C_LANGUAGE_STANDARD = gnu11;
				GCC_DYNAMIC_NO_PIC = NO;
				GCC_NO_COMMON_BLOCKS = YES;
				GCC_OPTIMIZATION_LEVEL = 0;
				GCC_PREPROCESSOR_DEFINITIONS = (
					"DEBUG=1",
					"$(inherited)",
				);
				GCC_WARN_64_TO_32_BIT_CONVERSION = YES;
				GCC_WARN_ABOUT_RETURN_TYPE = YES_ERROR;
				GCC_WARN_UNDECLARED_SELECTOR = YES;
				GCC_WARN_UNINITIALIZED_AUTOS = YES_AGGRESSIVE;
				GCC_WARN_UNUSED_FUNCTION = YES;
				GCC_WARN_UNUSED_VARIABLE = YES;
				IPHONEOS_DEPLOYMENT_TARGET = 12.0;
				MTL_ENABLE_DEBUG_INFO = INCLUDE_SOURCE;
				MTL_FAST_MATH = YES;
				ONLY_ACTIVE_ARCH = YES;
				SDKROOT = iphoneos;
				SWIFT_ACTIVE_COMPILATION_CONDITIONS = DEBUG;
				SWIFT_OPTIMIZATION_LEVEL = "-Onone";
			};
			name = Debug;
		};
		9802A8E7238653260048BF67 /* Release */ = {
			isa = XCBuildConfiguration;
			buildSettings = {
				ALWAYS_SEARCH_USER_PATHS = NO;
				CLANG_ANALYZER_NONNULL = YES;
				CLANG_ANALYZER_NUMBER_OBJECT_CONVERSION = YES_AGGRESSIVE;
				CLANG_CXX_LANGUAGE_STANDARD = "gnu++14";
				CLANG_CXX_LIBRARY = "libc++";
				CLANG_ENABLE_MODULES = YES;
				CLANG_ENABLE_OBJC_ARC = YES;
				CLANG_ENABLE_OBJC_WEAK = YES;
				CLANG_WARN_BLOCK_CAPTURE_AUTORELEASING = YES;
				CLANG_WARN_BOOL_CONVERSION = YES;
				CLANG_WARN_COMMA = YES;
				CLANG_WARN_CONSTANT_CONVERSION = YES;
				CLANG_WARN_DEPRECATED_OBJC_IMPLEMENTATIONS = YES;
				CLANG_WARN_DIRECT_OBJC_ISA_USAGE = YES_ERROR;
				CLANG_WARN_DOCUMENTATION_COMMENTS = YES;
				CLANG_WARN_EMPTY_BODY = YES;
				CLANG_WARN_ENUM_CONVERSION = YES;
				CLANG_WARN_INFINITE_RECURSION = YES;
				CLANG_WARN_INT_CONVERSION = YES;
				CLANG_WARN_NON_LITERAL_NULL_CONVERSION = YES;
				CLANG_WARN_OBJC_IMPLICIT_RETAIN_SELF = YES;
				CLANG_WARN_OBJC_LITERAL_CONVERSION = YES;
				CLANG_WARN_OBJC_ROOT_CLASS = YES_ERROR;
				CLANG_WARN_RANGE_LOOP_ANALYSIS = YES;
				CLANG_WARN_STRICT_PROTOTYPES = YES;
				CLANG_WARN_SUSPICIOUS_MOVE = YES;
				CLANG_WARN_UNGUARDED_AVAILABILITY = YES_AGGRESSIVE;
				CLANG_WARN_UNREACHABLE_CODE = YES;
				CLANG_WARN__DUPLICATE_METHOD_MATCH = YES;
				CODE_SIGN_IDENTITY = "iPhone Developer";
				COPY_PHASE_STRIP = NO;
				DEBUG_INFORMATION_FORMAT = "dwarf-with-dsym";
				ENABLE_NS_ASSERTIONS = NO;
				ENABLE_STRICT_OBJC_MSGSEND = YES;
				GCC_C_LANGUAGE_STANDARD = gnu11;
				GCC_NO_COMMON_BLOCKS = YES;
				GCC_WARN_64_TO_32_BIT_CONVERSION = YES;
				GCC_WARN_ABOUT_RETURN_TYPE = YES_ERROR;
				GCC_WARN_UNDECLARED_SELECTOR = YES;
				GCC_WARN_UNINITIALIZED_AUTOS = YES_AGGRESSIVE;
				GCC_WARN_UNUSED_FUNCTION = YES;
				GCC_WARN_UNUSED_VARIABLE = YES;
				IPHONEOS_DEPLOYMENT_TARGET = 12.0;
				MTL_ENABLE_DEBUG_INFO = NO;
				MTL_FAST_MATH = YES;
				SDKROOT = iphoneos;
				SWIFT_COMPILATION_MODE = wholemodule;
				SWIFT_OPTIMIZATION_LEVEL = "-O";
				VALIDATE_PRODUCT = YES;
			};
			name = Release;
		};
		9802A8E9238653260048BF67 /* Debug */ = {
			isa = XCBuildConfiguration;
			baseConfigurationReference = 16890EC1D879BB6E0109858F /* Pods-CodeSnap.debug.xcconfig */;
			buildSettings = {
				ASSETCATALOG_COMPILER_APPICON_NAME = AppIcon;
				CODE_SIGN_STYLE = Automatic;
				DEVELOPMENT_TEAM = VZYFHWDTKF;
				INFOPLIST_FILE = CodeSnap/Info.plist;
				LD_RUNPATH_SEARCH_PATHS = (
					"$(inherited)",
					"@executable_path/Frameworks",
				);
				PRODUCT_BUNDLE_IDENTIFIER = edu.usc.lee344.CodeSnap;
				PRODUCT_NAME = CodeSnap;
				SWIFT_VERSION = 5.0;
				TARGETED_DEVICE_FAMILY = "1,2";
			};
			name = Debug;
		};
		9802A8EA238653260048BF67 /* Release */ = {
			isa = XCBuildConfiguration;
			baseConfigurationReference = D8892378C706EAF4D1B2A1A1 /* Pods-CodeSnap.release.xcconfig */;
			buildSettings = {
				ASSETCATALOG_COMPILER_APPICON_NAME = AppIcon;
				CODE_SIGN_STYLE = Automatic;
				DEVELOPMENT_TEAM = VZYFHWDTKF;
				INFOPLIST_FILE = CodeSnap/Info.plist;
				LD_RUNPATH_SEARCH_PATHS = (
					"$(inherited)",
					"@executable_path/Frameworks",
				);
				PRODUCT_BUNDLE_IDENTIFIER = edu.usc.lee344.CodeSnap;
				PRODUCT_NAME = CodeSnap;
				SWIFT_VERSION = 5.0;
				TARGETED_DEVICE_FAMILY = "1,2";
			};
			name = Release;
		};
		9802A8EC238653260048BF67 /* Debug */ = {
			isa = XCBuildConfiguration;
			baseConfigurationReference = 3A5C50692813423590026BDC /* Pods-CodeSnapTests.debug.xcconfig */;
			buildSettings = {
				ALWAYS_EMBED_SWIFT_STANDARD_LIBRARIES = YES;
				BUNDLE_LOADER = "$(TEST_HOST)";
				CODE_SIGN_STYLE = Automatic;
				INFOPLIST_FILE = CodeSnapTests/Info.plist;
				LD_RUNPATH_SEARCH_PATHS = (
					"$(inherited)",
					"@executable_path/Frameworks",
					"@loader_path/Frameworks",
				);
				PRODUCT_BUNDLE_IDENTIFIER = edu.usc.lee344.CodeSnapTests;
				PRODUCT_NAME = "$(TARGET_NAME)";
				SWIFT_VERSION = 5.0;
				TARGETED_DEVICE_FAMILY = "1,2";
				TEST_HOST = "$(BUILT_PRODUCTS_DIR)/CodeSnap.app/CodeSnap";
			};
			name = Debug;
		};
		9802A8ED238653260048BF67 /* Release */ = {
			isa = XCBuildConfiguration;
			baseConfigurationReference = BBB709D8E8BD5B60D4CBB936 /* Pods-CodeSnapTests.release.xcconfig */;
			buildSettings = {
				ALWAYS_EMBED_SWIFT_STANDARD_LIBRARIES = YES;
				BUNDLE_LOADER = "$(TEST_HOST)";
				CODE_SIGN_STYLE = Automatic;
				INFOPLIST_FILE = CodeSnapTests/Info.plist;
				LD_RUNPATH_SEARCH_PATHS = (
					"$(inherited)",
					"@executable_path/Frameworks",
					"@loader_path/Frameworks",
				);
				PRODUCT_BUNDLE_IDENTIFIER = edu.usc.lee344.CodeSnapTests;
				PRODUCT_NAME = "$(TARGET_NAME)";
				SWIFT_VERSION = 5.0;
				TARGETED_DEVICE_FAMILY = "1,2";
				TEST_HOST = "$(BUILT_PRODUCTS_DIR)/CodeSnap.app/CodeSnap";
			};
			name = Release;
		};
		9802A8EF238653260048BF67 /* Debug */ = {
			isa = XCBuildConfiguration;
			baseConfigurationReference = 84EF3899A20AA744CAF2DB80 /* Pods-CodeSnap-CodeSnapUITests.debug.xcconfig */;
			buildSettings = {
				ALWAYS_EMBED_SWIFT_STANDARD_LIBRARIES = YES;
				CODE_SIGN_STYLE = Automatic;
				INFOPLIST_FILE = CodeSnapUITests/Info.plist;
				LD_RUNPATH_SEARCH_PATHS = (
					"$(inherited)",
					"@executable_path/Frameworks",
					"@loader_path/Frameworks",
				);
				PRODUCT_BUNDLE_IDENTIFIER = edu.usc.lee344.CodeSnapUITests;
				PRODUCT_NAME = "$(TARGET_NAME)";
				SWIFT_VERSION = 5.0;
				TARGETED_DEVICE_FAMILY = "1,2";
				TEST_TARGET_NAME = CodeSnap;
			};
			name = Debug;
		};
		9802A8F0238653260048BF67 /* Release */ = {
			isa = XCBuildConfiguration;
			baseConfigurationReference = 8F95CEBD4F4CE7F1212F1838 /* Pods-CodeSnap-CodeSnapUITests.release.xcconfig */;
			buildSettings = {
				ALWAYS_EMBED_SWIFT_STANDARD_LIBRARIES = YES;
				CODE_SIGN_STYLE = Automatic;
				INFOPLIST_FILE = CodeSnapUITests/Info.plist;
				LD_RUNPATH_SEARCH_PATHS = (
					"$(inherited)",
					"@executable_path/Frameworks",
					"@loader_path/Frameworks",
				);
				PRODUCT_BUNDLE_IDENTIFIER = edu.usc.lee344.CodeSnapUITests;
				PRODUCT_NAME = "$(TARGET_NAME)";
				SWIFT_VERSION = 5.0;
				TARGETED_DEVICE_FAMILY = "1,2";
				TEST_TARGET_NAME = CodeSnap;
			};
			name = Release;
		};
/* End XCBuildConfiguration section */

/* Begin XCConfigurationList section */
		9802A8BB238653250048BF67 /* Build configuration list for PBXProject "CodeSnap" */ = {
			isa = XCConfigurationList;
			buildConfigurations = (
				9802A8E6238653260048BF67 /* Debug */,
				9802A8E7238653260048BF67 /* Release */,
			);
			defaultConfigurationIsVisible = 0;
			defaultConfigurationName = Release;
		};
		9802A8E8238653260048BF67 /* Build configuration list for PBXNativeTarget "CodeSnap" */ = {
			isa = XCConfigurationList;
			buildConfigurations = (
				9802A8E9238653260048BF67 /* Debug */,
				9802A8EA238653260048BF67 /* Release */,
			);
			defaultConfigurationIsVisible = 0;
			defaultConfigurationName = Release;
		};
		9802A8EB238653260048BF67 /* Build configuration list for PBXNativeTarget "CodeSnapTests" */ = {
			isa = XCConfigurationList;
			buildConfigurations = (
				9802A8EC238653260048BF67 /* Debug */,
				9802A8ED238653260048BF67 /* Release */,
			);
			defaultConfigurationIsVisible = 0;
			defaultConfigurationName = Release;
		};
		9802A8EE238653260048BF67 /* Build configuration list for PBXNativeTarget "CodeSnapUITests" */ = {
			isa = XCConfigurationList;
			buildConfigurations = (
				9802A8EF238653260048BF67 /* Debug */,
				9802A8F0238653260048BF67 /* Release */,
			);
			defaultConfigurationIsVisible = 0;
			defaultConfigurationName = Release;
		};
/* End XCConfigurationList section */
	};
	rootObject = 9802A8B8238653250048BF67 /* Project object */;
}
